
Microsoft Visual Studio Solution File, Format Version 12.00
# Visual Studio Version 17
VisualStudioVersion = 17.9.34728.123
MinimumVisualStudioVersion = 10.0.40219.1
Project("{FAE04EC0-301F-11D3-BF4B-00C04F79EFBC}") = "day 2", "day 2\day 2.csproj", "{DD94863A-1C53-48EC-B3AF-179623BBF543}"
EndProject
Global
	GlobalSection(SolutionConfigurationPlatforms) = preSolution
		Debug|Any CPU = Debug|Any CPU
		Release|Any CPU = Release|Any CPU
	EndGlobalSection
	GlobalSection(ProjectConfigurationPlatforms) = postSolution
		{DD94863A-1C53-48EC-B3AF-179623BBF543}.Debug|Any CPU.ActiveCfg = Debug|Any CPU
		{DD94863A-1C53-48EC-B3AF-179623BBF543}.Debug|Any CPU.Build.0 = Debug|Any CPU
		{DD94863A-1C53-48EC-B3AF-179623BBF543}.Release|Any CPU.ActiveCfg = Release|Any CPU
		{DD94863A-1C53-48EC-B3AF-179623BBF543}.Release|Any CPU.Build.0 = Release|Any CPU
	EndGlobalSection
	GlobalSection(SolutionProperties) = preSolution
		HideSolutionNode = FALSE
	EndGlobalSection
	GlobalSection(ExtensibilityGlobals) = postSolution
		SolutionGuid = {0D36D738-6562-47B1-8BDD-F7DB06043A3E}
	EndGlobalSection
EndGlobal
